
Microsoft Visual Studio Solution File, Format Version 12.00
# Visual Studio Version 16
VisualStudioVersion = 16.0.29306.81
MinimumVisualStudioVersion = 10.0.40219.1
Project("{FAE04EC0-301F-11D3-BF4B-00C04F79EFBC}") = "MongoDocumentVersioning", "MongoDocumentVersioning\MongoDocumentVersioning.csproj", "{A6DE2957-671E-4CE1-91F7-9339F2F3BFBE}"
EndProject
Project("{FAE04EC0-301F-11D3-BF4B-00C04F79EFBC}") = "MongoDocumentVersioning.Tests", "MongoDocumentVersioning.Tests\MongoDocumentVersioning.Tests.csproj", "{028AB2B1-483D-420F-84CA-8E404C723A20}"
EndProject
Global
	GlobalSection(SolutionConfigurationPlatforms) = preSolution
		Debug|Any CPU = Debug|Any CPU
		Release|Any CPU = Release|Any CPU
	EndGlobalSection
	GlobalSection(ProjectConfigurationPlatforms) = postSolution
		{A6DE2957-671E-4CE1-91F7-9339F2F3BFBE}.Debug|Any CPU.ActiveCfg = Debug|Any CPU
		{A6DE2957-671E-4CE1-91F7-9339F2F3BFBE}.Debug|Any CPU.Build.0 = Debug|Any CPU
		{A6DE2957-671E-4CE1-91F7-9339F2F3BFBE}.Release|Any CPU.ActiveCfg = Release|Any CPU
		{A6DE2957-671E-4CE1-91F7-9339F2F3BFBE}.Release|Any CPU.Build.0 = Release|Any CPU
		{028AB2B1-483D-420F-84CA-8E404C723A20}.Debug|Any CPU.ActiveCfg = Debug|Any CPU
		{028AB2B1-483D-420F-84CA-8E404C723A20}.Debug|Any CPU.Build.0 = Debug|Any CPU
		{028AB2B1-483D-420F-84CA-8E404C723A20}.Release|Any CPU.ActiveCfg = Release|Any CPU
		{028AB2B1-483D-420F-84CA-8E404C723A20}.Release|Any CPU.Build.0 = Release|Any CPU
	EndGlobalSection
	GlobalSection(SolutionProperties) = preSolution
		HideSolutionNode = FALSE
	EndGlobalSection
	GlobalSection(ExtensibilityGlobals) = postSolution
		SolutionGuid = {0F342CF1-834D-4460-9528-2D5ECF6D0433}
	EndGlobalSection
EndGlobal
